
Microsoft Visual Studio Solution File, Format Version 12.00
# Visual Studio Version 16
VisualStudioVersion = 16.0.30804.86
MinimumVisualStudioVersion = 10.0.40219.1
Project("{FAE04EC0-301F-11D3-BF4B-00C04F79EFBC}") = "GstreamerTest", "GstreamerTest.csproj", "{1C437920-1C2A-43A9-9A92-BC7E8EEB32AE}"
EndProject
Global
	GlobalSection(SolutionConfigurationPlatforms) = preSolution
		Debug|Any CPU = Debug|Any CPU
		Release|Any CPU = Release|Any CPU
	EndGlobalSection
	GlobalSection(ProjectConfigurationPlatforms) = postSolution
		{1C437920-1C2A-43A9-9A92-BC7E8EEB32AE}.Debug|Any CPU.ActiveCfg = Debug|Any CPU
		{1C437920-1C2A-43A9-9A92-BC7E8EEB32AE}.Debug|Any CPU.Build.0 = Debug|Any CPU
		{1C437920-1C2A-43A9-9A92-BC7E8EEB32AE}.Release|Any CPU.ActiveCfg = Release|Any CPU
		{1C437920-1C2A-43A9-9A92-BC7E8EEB32AE}.Release|Any CPU.Build.0 = Release|Any CPU
	EndGlobalSection
	GlobalSection(SolutionProperties) = preSolution
		HideSolutionNode = FALSE
	EndGlobalSection
	GlobalSection(ExtensibilityGlobals) = postSolution
		SolutionGuid = {F3BC590F-FF2A-4521-B537-4DD8ACAB7A5B}
	EndGlobalSection
EndGlobal
